// !$*UTF8*$!
{
	archiveVersion = 1;
	classes = {
	};
	objectVersion = 56;
	objects = {

/* Begin PBXBuildFile section */
		1A68FE9D2AFFE24100719A17 /* KnowYourAirApp.swift in Sources */ = {isa = PBXBuildFile; fileRef = 1A68FE9C2AFFE24100719A17 /* KnowYourAirApp.swift */; };
		1A68FE9F2AFFE24100719A17 /* ContentView.swift in Sources */ = {isa = PBXBuildFile; fileRef = 1A68FE9E2AFFE24100719A17 /* ContentView.swift */; };
		1A68FEA12AFFE24300719A17 /* Assets.xcassets in Resources */ = {isa = PBXBuildFile; fileRef = 1A68FEA02AFFE24300719A17 /* Assets.xcassets */; };
		1A68FEA52AFFE24300719A17 /* Preview Assets.xcassets in Resources */ = {isa = PBXBuildFile; fileRef = 1A68FEA42AFFE24300719A17 /* Preview Assets.xcassets */; };
		1A68FEAF2AFFE24300719A17 /* KnowYourAirTests.swift in Sources */ = {isa = PBXBuildFile; fileRef = 1A68FEAE2AFFE24300719A17 /* KnowYourAirTests.swift */; };
		1A68FEB92AFFE24300719A17 /* KnowYourAirUITests.swift in Sources */ = {isa = PBXBuildFile; fileRef = 1A68FEB82AFFE24300719A17 /* KnowYourAirUITests.swift */; };
		1A68FEBB2AFFE24300719A17 /* KnowYourAirUITestsLaunchTests.swift in Sources */ = {isa = PBXBuildFile; fileRef = 1A68FEBA2AFFE24300719A17 /* KnowYourAirUITestsLaunchTests.swift */; };
		1A68FEC82AFFEA1C00719A17 /* MapView.swift in Sources */ = {isa = PBXBuildFile; fileRef = 1A68FEC72AFFEA1C00719A17 /* MapView.swift */; };
		1A74D4422B2206600071FDD5 /* PollutionDataProvider.swift in Sources */ = {isa = PBXBuildFile; fileRef = 1A74D4412B2206600071FDD5 /* PollutionDataProvider.swift */; };
		1A74D44A2B2277940071FDD5 /* AirQualityTests.swift in Sources */ = {isa = PBXBuildFile; fileRef = 1A74D4492B2277940071FDD5 /* AirQualityTests.swift */; };
		1A7D5EC22B01274900A751F9 /* PollutionDataView.swift in Sources */ = {isa = PBXBuildFile; fileRef = 1A7D5EC12B01274900A751F9 /* PollutionDataView.swift */; };
		1A7D5EC42B01275D00A751F9 /* PollutionDataViewModel.swift in Sources */ = {isa = PBXBuildFile; fileRef = 1A7D5EC32B01275D00A751F9 /* PollutionDataViewModel.swift */; };
		1A7D5EC62B01276B00A751F9 /* MapViewModel.swift in Sources */ = {isa = PBXBuildFile; fileRef = 1A7D5EC52B01276B00A751F9 /* MapViewModel.swift */; };
		1A7D5EC82B0129ED00A751F9 /* AirQuality.swift in Sources */ = {isa = PBXBuildFile; fileRef = 1A7D5EC72B0129ED00A751F9 /* AirQuality.swift */; };
		49ED64F22B3A128400CB6E19 /* PollutionData.swift in Sources */ = {isa = PBXBuildFile; fileRef = 49ED64F12B3A128400CB6E19 /* PollutionData.swift */; };
/* End PBXBuildFile section */

/* Begin PBXContainerItemProxy section */
		1A68FEAB2AFFE24300719A17 /* PBXContainerItemProxy */ = {
			isa = PBXContainerItemProxy;
			containerPortal = 1A68FE912AFFE24100719A17 /* Project object */;
			proxyType = 1;
			remoteGlobalIDString = 1A68FE982AFFE24100719A17;
			remoteInfo = KnowYourAir;
		};
		1A68FEB52AFFE24300719A17 /* PBXContainerItemProxy */ = {
			isa = PBXContainerItemProxy;
			containerPortal = 1A68FE912AFFE24100719A17 /* Project object */;
			proxyType = 1;
			remoteGlobalIDString = 1A68FE982AFFE24100719A17;
			remoteInfo = KnowYourAir;
		};
/* End PBXContainerItemProxy section */

/* Begin PBXFileReference section */
		1A68FE992AFFE24100719A17 /* KnowYourAir.app */ = {isa = PBXFileReference; explicitFileType = wrapper.application; includeInIndex = 0; path = KnowYourAir.app; sourceTree = BUILT_PRODUCTS_DIR; };
		1A68FE9C2AFFE24100719A17 /* KnowYourAirApp.swift */ = {isa = PBXFileReference; lastKnownFileType = sourcecode.swift; path = KnowYourAirApp.swift; sourceTree = "<group>"; };
		1A68FE9E2AFFE24100719A17 /* ContentView.swift */ = {isa = PBXFileReference; lastKnownFileType = sourcecode.swift; path = ContentView.swift; sourceTree = "<group>"; };
		1A68FEA02AFFE24300719A17 /* Assets.xcassets */ = {isa = PBXFileReference; lastKnownFileType = folder.assetcatalog; path = Assets.xcassets; sourceTree = "<group>"; };
		1A68FEA22AFFE24300719A17 /* KnowYourAir.entitlements */ = {isa = PBXFileReference; lastKnownFileType = text.plist.entitlements; path = KnowYourAir.entitlements; sourceTree = "<group>"; };
		1A68FEA42AFFE24300719A17 /* Preview Assets.xcassets */ = {isa = PBXFileReference; lastKnownFileType = folder.assetcatalog; path = "Preview Assets.xcassets"; sourceTree = "<group>"; };
		1A68FEAA2AFFE24300719A17 /* KnowYourAirTests.xctest */ = {isa = PBXFileReference; explicitFileType = wrapper.cfbundle; includeInIndex = 0; path = KnowYourAirTests.xctest; sourceTree = BUILT_PRODUCTS_DIR; };
		1A68FEAE2AFFE24300719A17 /* KnowYourAirTests.swift */ = {isa = PBXFileReference; lastKnownFileType = sourcecode.swift; path = KnowYourAirTests.swift; sourceTree = "<group>"; };
		1A68FEB42AFFE24300719A17 /* KnowYourAirUITests.xctest */ = {isa = PBXFileReference; explicitFileType = wrapper.cfbundle; includeInIndex = 0; path = KnowYourAirUITests.xctest; sourceTree = BUILT_PRODUCTS_DIR; };
		1A68FEB82AFFE24300719A17 /* KnowYourAirUITests.swift */ = {isa = PBXFileReference; lastKnownFileType = sourcecode.swift; path = KnowYourAirUITests.swift; sourceTree = "<group>"; };
		1A68FEBA2AFFE24300719A17 /* KnowYourAirUITestsLaunchTests.swift */ = {isa = PBXFileReference; lastKnownFileType = sourcecode.swift; path = KnowYourAirUITestsLaunchTests.swift; sourceTree = "<group>"; };
		1A68FEC72AFFEA1C00719A17 /* MapView.swift */ = {isa = PBXFileReference; lastKnownFileType = sourcecode.swift; path = MapView.swift; sourceTree = "<group>"; };
		1A74D4412B2206600071FDD5 /* PollutionDataProvider.swift */ = {isa = PBXFileReference; lastKnownFileType = sourcecode.swift; path = PollutionDataProvider.swift; sourceTree = "<group>"; };
		1A74D4492B2277940071FDD5 /* AirQualityTests.swift */ = {isa = PBXFileReference; lastKnownFileType = sourcecode.swift; path = AirQualityTests.swift; sourceTree = "<group>"; };
		1A7D5EC12B01274900A751F9 /* PollutionDataView.swift */ = {isa = PBXFileReference; lastKnownFileType = sourcecode.swift; path = PollutionDataView.swift; sourceTree = "<group>"; };
		1A7D5EC32B01275D00A751F9 /* PollutionDataViewModel.swift */ = {isa = PBXFileReference; lastKnownFileType = sourcecode.swift; path = PollutionDataViewModel.swift; sourceTree = "<group>"; };
		1A7D5EC52B01276B00A751F9 /* MapViewModel.swift */ = {isa = PBXFileReference; lastKnownFileType = sourcecode.swift; path = MapViewModel.swift; sourceTree = "<group>"; };
		1A7D5EC72B0129ED00A751F9 /* AirQuality.swift */ = {isa = PBXFileReference; lastKnownFileType = sourcecode.swift; path = AirQuality.swift; sourceTree = "<group>"; };
		49853B952B49BD3E008E2226 /* Info.plist */ = {isa = PBXFileReference; lastKnownFileType = text.plist; path = Info.plist; sourceTree = "<group>"; };
		49ED64F12B3A128400CB6E19 /* PollutionData.swift */ = {isa = PBXFileReference; lastKnownFileType = sourcecode.swift; path = PollutionData.swift; sourceTree = "<group>"; };
/* End PBXFileReference section */

/* Begin PBXFrameworksBuildPhase section */
		1A68FE962AFFE24100719A17 /* Frameworks */ = {
			isa = PBXFrameworksBuildPhase;
			buildActionMask = 2147483647;
			files = (
			);
			runOnlyForDeploymentPostprocessing = 0;
		};
		1A68FEA72AFFE24300719A17 /* Frameworks */ = {
			isa = PBXFrameworksBuildPhase;
			buildActionMask = 2147483647;
			files = (
			);
			runOnlyForDeploymentPostprocessing = 0;
		};
		1A68FEB12AFFE24300719A17 /* Frameworks */ = {
			isa = PBXFrameworksBuildPhase;
			buildActionMask = 2147483647;
			files = (
			);
			runOnlyForDeploymentPostprocessing = 0;
		};
/* End PBXFrameworksBuildPhase section */

/* Begin PBXGroup section */
		1A68FE902AFFE24100719A17 = {
			isa = PBXGroup;
			children = (
				1A68FE9B2AFFE24100719A17 /* KnowYourAir */,
				1A68FEAD2AFFE24300719A17 /* KnowYourAirTests */,
				1A68FEB72AFFE24300719A17 /* KnowYourAirUITests */,
				1A68FE9A2AFFE24100719A17 /* Products */,
			);
			sourceTree = "<group>";
		};
		1A68FE9A2AFFE24100719A17 /* Products */ = {
			isa = PBXGroup;
			children = (
				1A68FE992AFFE24100719A17 /* KnowYourAir.app */,
				1A68FEAA2AFFE24300719A17 /* KnowYourAirTests.xctest */,
				1A68FEB42AFFE24300719A17 /* KnowYourAirUITests.xctest */,
			);
			name = Products;
			sourceTree = "<group>";
		};
		1A68FE9B2AFFE24100719A17 /* KnowYourAir */ = {
			isa = PBXGroup;
			children = (
				49853B952B49BD3E008E2226 /* Info.plist */,
				1A74D4482B226D250071FDD5 /* Model */,
				1A74D4452B226CEC0071FDD5 /* View */,
				1A68FE9C2AFFE24100719A17 /* KnowYourAirApp.swift */,
				1A74D4432B226A840071FDD5 /* ViewModel */,
				1A74D4412B2206600071FDD5 /* PollutionDataProvider.swift */,
				1A68FEA02AFFE24300719A17 /* Assets.xcassets */,
				1A68FEA22AFFE24300719A17 /* KnowYourAir.entitlements */,
				1A68FEA32AFFE24300719A17 /* Preview Content */,
			);
			path = KnowYourAir;
			sourceTree = "<group>";
		};
		1A68FEA32AFFE24300719A17 /* Preview Content */ = {
			isa = PBXGroup;
			children = (
				1A68FEA42AFFE24300719A17 /* Preview Assets.xcassets */,
			);
			path = "Preview Content";
			sourceTree = "<group>";
		};
		1A68FEAD2AFFE24300719A17 /* KnowYourAirTests */ = {
			isa = PBXGroup;
			children = (
				1A68FEAE2AFFE24300719A17 /* KnowYourAirTests.swift */,
			);
			path = KnowYourAirTests;
			sourceTree = "<group>";
		};
		1A68FEB72AFFE24300719A17 /* KnowYourAirUITests */ = {
			isa = PBXGroup;
			children = (
				1A68FEB82AFFE24300719A17 /* KnowYourAirUITests.swift */,
				1A68FEBA2AFFE24300719A17 /* KnowYourAirUITestsLaunchTests.swift */,
			);
			path = KnowYourAirUITests;
			sourceTree = "<group>";
		};
		1A74D4432B226A840071FDD5 /* ViewModel */ = {
			isa = PBXGroup;
			children = (
				1A7D5EC32B01275D00A751F9 /* PollutionDataViewModel.swift */,
				1A7D5EC52B01276B00A751F9 /* MapViewModel.swift */,
			);
			path = ViewModel;
			sourceTree = "<group>";
		};
		1A74D4452B226CEC0071FDD5 /* View */ = {
			isa = PBXGroup;
			children = (
				1A68FE9E2AFFE24100719A17 /* ContentView.swift */,
				1A7D5EC12B01274900A751F9 /* PollutionDataView.swift */,
				1A68FEC72AFFEA1C00719A17 /* MapView.swift */,
			);
			path = View;
			sourceTree = "<group>";
		};
		1A74D4482B226D250071FDD5 /* Model */ = {
			isa = PBXGroup;
			children = (
				1A7D5EC72B0129ED00A751F9 /* AirQuality.swift */,
				49ED64F12B3A128400CB6E19 /* PollutionData.swift */,
				1A74D4492B2277940071FDD5 /* AirQualityTests.swift */,
			);
			path = Model;
			sourceTree = "<group>";
		};
/* End PBXGroup section */

/* Begin PBXNativeTarget section */
		1A68FE982AFFE24100719A17 /* KnowYourAir */ = {
			isa = PBXNativeTarget;
			buildConfigurationList = 1A68FEBE2AFFE24300719A17 /* Build configuration list for PBXNativeTarget "KnowYourAir" */;
			buildPhases = (
				1A68FE952AFFE24100719A17 /* Sources */,
				1A68FE962AFFE24100719A17 /* Frameworks */,
				1A68FE972AFFE24100719A17 /* Resources */,
			);
			buildRules = (
			);
			dependencies = (
			);
			name = KnowYourAir;
			productName = KnowYourAir;
			productReference = 1A68FE992AFFE24100719A17 /* KnowYourAir.app */;
			productType = "com.apple.product-type.application";
		};
		1A68FEA92AFFE24300719A17 /* KnowYourAirTests */ = {
			isa = PBXNativeTarget;
			buildConfigurationList = 1A68FEC12AFFE24300719A17 /* Build configuration list for PBXNativeTarget "KnowYourAirTests" */;
			buildPhases = (
				1A68FEA62AFFE24300719A17 /* Sources */,
				1A68FEA72AFFE24300719A17 /* Frameworks */,
				1A68FEA82AFFE24300719A17 /* Resources */,
			);
			buildRules = (
			);
			dependencies = (
				1A68FEAC2AFFE24300719A17 /* PBXTargetDependency */,
			);
			name = KnowYourAirTests;
			productName = KnowYourAirTests;
			productReference = 1A68FEAA2AFFE24300719A17 /* KnowYourAirTests.xctest */;
			productType = "com.apple.product-type.bundle.unit-test";
		};
		1A68FEB32AFFE24300719A17 /* KnowYourAirUITests */ = {
			isa = PBXNativeTarget;
			buildConfigurationList = 1A68FEC42AFFE24300719A17 /* Build configuration list for PBXNativeTarget "KnowYourAirUITests" */;
			buildPhases = (
				1A68FEB02AFFE24300719A17 /* Sources */,
				1A68FEB12AFFE24300719A17 /* Frameworks */,
				1A68FEB22AFFE24300719A17 /* Resources */,
			);
			buildRules = (
			);
			dependencies = (
				1A68FEB62AFFE24300719A17 /* PBXTargetDependency */,
			);
			name = KnowYourAirUITests;
			productName = KnowYourAirUITests;
			productReference = 1A68FEB42AFFE24300719A17 /* KnowYourAirUITests.xctest */;
			productType = "com.apple.product-type.bundle.ui-testing";
		};
/* End PBXNativeTarget section */

/* Begin PBXProject section */
		1A68FE912AFFE24100719A17 /* Project object */ = {
			isa = PBXProject;
			attributes = {
				BuildIndependentTargetsInParallel = 1;
				LastSwiftUpdateCheck = 1500;
				LastUpgradeCheck = 1500;
				TargetAttributes = {
					1A68FE982AFFE24100719A17 = {
						CreatedOnToolsVersion = 15.0.1;
					};
					1A68FEA92AFFE24300719A17 = {
						CreatedOnToolsVersion = 15.0.1;
						TestTargetID = 1A68FE982AFFE24100719A17;
					};
					1A68FEB32AFFE24300719A17 = {
						CreatedOnToolsVersion = 15.0.1;
						TestTargetID = 1A68FE982AFFE24100719A17;
					};
				};
			};
			buildConfigurationList = 1A68FE942AFFE24100719A17 /* Build configuration list for PBXProject "KnowYourAir" */;
			compatibilityVersion = "Xcode 14.0";
			developmentRegion = en;
			hasScannedForEncodings = 0;
			knownRegions = (
				en,
				Base,
			);
			mainGroup = 1A68FE902AFFE24100719A17;
			productRefGroup = 1A68FE9A2AFFE24100719A17 /* Products */;
			projectDirPath = "";
			projectRoot = "";
			targets = (
				1A68FE982AFFE24100719A17 /* KnowYourAir */,
				1A68FEA92AFFE24300719A17 /* KnowYourAirTests */,
				1A68FEB32AFFE24300719A17 /* KnowYourAirUITests */,
			);
		};
/* End PBXProject section */

/* Begin PBXResourcesBuildPhase section */
		1A68FE972AFFE24100719A17 /* Resources */ = {
			isa = PBXResourcesBuildPhase;
			buildActionMask = 2147483647;
			files = (
				1A68FEA52AFFE24300719A17 /* Preview Assets.xcassets in Resources */,
				1A68FEA12AFFE24300719A17 /* Assets.xcassets in Resources */,
			);
			runOnlyForDeploymentPostprocessing = 0;
		};
		1A68FEA82AFFE24300719A17 /* Resources */ = {
			isa = PBXResourcesBuildPhase;
			buildActionMask = 2147483647;
			files = (
			);
			runOnlyForDeploymentPostprocessing = 0;
		};
		1A68FEB22AFFE24300719A17 /* Resources */ = {
			isa = PBXResourcesBuildPhase;
			buildActionMask = 2147483647;
			files = (
			);
			runOnlyForDeploymentPostprocessing = 0;
		};
/* End PBXResourcesBuildPhase section */

/* Begin PBXSourcesBuildPhase section */
		1A68FE952AFFE24100719A17 /* Sources */ = {
			isa = PBXSourcesBuildPhase;
			buildActionMask = 2147483647;
			files = (
				1A68FE9F2AFFE24100719A17 /* ContentView.swift in Sources */,
				1A74D4422B2206600071FDD5 /* PollutionDataProvider.swift in Sources */,
				1A68FEC82AFFEA1C00719A17 /* MapView.swift in Sources */,
				49ED64F22B3A128400CB6E19 /* PollutionData.swift in Sources */,
				1A7D5EC22B01274900A751F9 /* PollutionDataView.swift in Sources */,
				1A68FE9D2AFFE24100719A17 /* KnowYourAirApp.swift in Sources */,
				1A7D5EC42B01275D00A751F9 /* PollutionDataViewModel.swift in Sources */,
				1A7D5EC62B01276B00A751F9 /* MapViewModel.swift in Sources */,
				1A7D5EC82B0129ED00A751F9 /* AirQuality.swift in Sources */,
			);
			runOnlyForDeploymentPostprocessing = 0;
		};
		1A68FEA62AFFE24300719A17 /* Sources */ = {
			isa = PBXSourcesBuildPhase;
			buildActionMask = 2147483647;
			files = (
				1A74D44A2B2277940071FDD5 /* AirQualityTests.swift in Sources */,
				1A68FEAF2AFFE24300719A17 /* KnowYourAirTests.swift in Sources */,
			);
			runOnlyForDeploymentPostprocessing = 0;
		};
		1A68FEB02AFFE24300719A17 /* Sources */ = {
			isa = PBXSourcesBuildPhase;
			buildActionMask = 2147483647;
			files = (
				1A68FEB92AFFE24300719A17 /* KnowYourAirUITests.swift in Sources */,
				1A68FEBB2AFFE24300719A17 /* KnowYourAirUITestsLaunchTests.swift in Sources */,
			);
			runOnlyForDeploymentPostprocessing = 0;
		};
/* End PBXSourcesBuildPhase section */

/* Begin PBXTargetDependency section */
		1A68FEAC2AFFE24300719A17 /* PBXTargetDependency */ = {
			isa = PBXTargetDependency;
			target = 1A68FE982AFFE24100719A17 /* KnowYourAir */;
			targetProxy = 1A68FEAB2AFFE24300719A17 /* PBXContainerItemProxy */;
		};
		1A68FEB62AFFE24300719A17 /* PBXTargetDependency */ = {
			isa = PBXTargetDependency;
			target = 1A68FE982AFFE24100719A17 /* KnowYourAir */;
			targetProxy = 1A68FEB52AFFE24300719A17 /* PBXContainerItemProxy */;
		};
/* End PBXTargetDependency section */

/* Begin XCBuildConfiguration section */
		1A68FEBC2AFFE24300719A17 /* Debug */ = {
			isa = XCBuildConfiguration;
			buildSettings = {
				ALWAYS_SEARCH_USER_PATHS = NO;
				ASSETCATALOG_COMPILER_GENERATE_SWIFT_ASSET_SYMBOL_EXTENSIONS = YES;
				CLANG_ANALYZER_NONNULL = YES;
				CLANG_ANALYZER_NUMBER_OBJECT_CONVERSION = YES_AGGRESSIVE;
				CLANG_CXX_LANGUAGE_STANDARD = "gnu++20";
				CLANG_ENABLE_MODULES = YES;
				CLANG_ENABLE_OBJC_ARC = YES;
				CLANG_ENABLE_OBJC_WEAK = YES;
				CLANG_WARN_BLOCK_CAPTURE_AUTORELEASING = YES;
				CLANG_WARN_BOOL_CONVERSION = YES;
				CLANG_WARN_COMMA = YES;
				CLANG_WARN_CONSTANT_CONVERSION = YES;
				CLANG_WARN_DEPRECATED_OBJC_IMPLEMENTATIONS = YES;
				CLANG_WARN_DIRECT_OBJC_ISA_USAGE = YES_ERROR;
				CLANG_WARN_DOCUMENTATION_COMMENTS = YES;
				CLANG_WARN_EMPTY_BODY = YES;
				CLANG_WARN_ENUM_CONVERSION = YES;
				CLANG_WARN_INFINITE_RECURSION = YES;
				CLANG_WARN_INT_CONVERSION = YES;
				CLANG_WARN_NON_LITERAL_NULL_CONVERSION = YES;
				CLANG_WARN_OBJC_IMPLICIT_RETAIN_SELF = YES;
				CLANG_WARN_OBJC_LITERAL_CONVERSION = YES;
				CLANG_WARN_OBJC_ROOT_CLASS = YES_ERROR;
				CLANG_WARN_QUOTED_INCLUDE_IN_FRAMEWORK_HEADER = YES;
				CLANG_WARN_RANGE_LOOP_ANALYSIS = YES;
				CLANG_WARN_STRICT_PROTOTYPES = YES;
				CLANG_WARN_SUSPICIOUS_MOVE = YES;
				CLANG_WARN_UNGUARDED_AVAILABILITY = YES_AGGRESSIVE;
				CLANG_WARN_UNREACHABLE_CODE = YES;
				CLANG_WARN__DUPLICATE_METHOD_MATCH = YES;
				COPY_PHASE_STRIP = NO;
				DEBUG_INFORMATION_FORMAT = dwarf;
				ENABLE_STRICT_OBJC_MSGSEND = YES;
				ENABLE_TESTABILITY = YES;
				ENABLE_USER_SCRIPT_SANDBOXING = YES;
				GCC_C_LANGUAGE_STANDARD = gnu17;
				GCC_DYNAMIC_NO_PIC = NO;
				GCC_NO_COMMON_BLOCKS = YES;
				GCC_OPTIMIZATION_LEVEL = 0;
				GCC_PREPROCESSOR_DEFINITIONS = (
					"DEBUG=1",
					"$(inherited)",
				);
				GCC_WARN_64_TO_32_BIT_CONVERSION = YES;
				GCC_WARN_ABOUT_RETURN_TYPE = YES_ERROR;
				GCC_WARN_UNDECLARED_SELECTOR = YES;
				GCC_WARN_UNINITIALIZED_AUTOS = YES_AGGRESSIVE;
				GCC_WARN_UNUSED_FUNCTION = YES;
				GCC_WARN_UNUSED_VARIABLE = YES;
				LOCALIZATION_PREFERS_STRING_CATALOGS = YES;
				MTL_ENABLE_DEBUG_INFO = INCLUDE_SOURCE;
				MTL_FAST_MATH = YES;
				ONLY_ACTIVE_ARCH = YES;
				SWIFT_ACTIVE_COMPILATION_CONDITIONS = "DEBUG $(inherited)";
				SWIFT_OPTIMIZATION_LEVEL = "-Onone";
			};
			name = Debug;
		};
		1A68FEBD2AFFE24300719A17 /* Release */ = {
			isa = XCBuildConfiguration;
			buildSettings = {
				ALWAYS_SEARCH_USER_PATHS = NO;
				ASSETCATALOG_COMPILER_GENERATE_SWIFT_ASSET_SYMBOL_EXTENSIONS = YES;
				CLANG_ANALYZER_NONNULL = YES;
				CLANG_ANALYZER_NUMBER_OBJECT_CONVERSION = YES_AGGRESSIVE;
				CLANG_CXX_LANGUAGE_STANDARD = "gnu++20";
				CLANG_ENABLE_MODULES = YES;
				CLANG_ENABLE_OBJC_ARC = YES;
				CLANG_ENABLE_OBJC_WEAK = YES;
				CLANG_WARN_BLOCK_CAPTURE_AUTORELEASING = YES;
				CLANG_WARN_BOOL_CONVERSION = YES;
				CLANG_WARN_COMMA = YES;
				CLANG_WARN_CONSTANT_CONVERSION = YES;
				CLANG_WARN_DEPRECATED_OBJC_IMPLEMENTATIONS = YES;
				CLANG_WARN_DIRECT_OBJC_ISA_USAGE = YES_ERROR;
				CLANG_WARN_DOCUMENTATION_COMMENTS = YES;
				CLANG_WARN_EMPTY_BODY = YES;
				CLANG_WARN_ENUM_CONVERSION = YES;
				CLANG_WARN_INFINITE_RECURSION = YES;
				CLANG_WARN_INT_CONVERSION = YES;
				CLANG_WARN_NON_LITERAL_NULL_CONVERSION = YES;
				CLANG_WARN_OBJC_IMPLICIT_RETAIN_SELF = YES;
				CLANG_WARN_OBJC_LITERAL_CONVERSION = YES;
				CLANG_WARN_OBJC_ROOT_CLASS = YES_ERROR;
				CLANG_WARN_QUOTED_INCLUDE_IN_FRAMEWORK_HEADER = YES;
				CLANG_WARN_RANGE_LOOP_ANALYSIS = YES;
				CLANG_WARN_STRICT_PROTOTYPES = YES;
				CLANG_WARN_SUSPICIOUS_MOVE = YES;
				CLANG_WARN_UNGUARDED_AVAILABILITY = YES_AGGRESSIVE;
				CLANG_WARN_UNREACHABLE_CODE = YES;
				CLANG_WARN__DUPLICATE_METHOD_MATCH = YES;
				COPY_PHASE_STRIP = NO;
				DEBUG_INFORMATION_FORMAT = "dwarf-with-dsym";
				ENABLE_NS_ASSERTIONS = NO;
				ENABLE_STRICT_OBJC_MSGSEND = YES;
				ENABLE_USER_SCRIPT_SANDBOXING = YES;
				GCC_C_LANGUAGE_STANDARD = gnu17;
				GCC_NO_COMMON_BLOCKS = YES;
				GCC_WARN_64_TO_32_BIT_CONVERSION = YES;
				GCC_WARN_ABOUT_RETURN_TYPE = YES_ERROR;
				GCC_WARN_UNDECLARED_SELECTOR = YES;
				GCC_WARN_UNINITIALIZED_AUTOS = YES_AGGRESSIVE;
				GCC_WARN_UNUSED_FUNCTION = YES;
				GCC_WARN_UNUSED_VARIABLE = YES;
				LOCALIZATION_PREFERS_STRING_CATALOGS = YES;
				MTL_ENABLE_DEBUG_INFO = NO;
				MTL_FAST_MATH = YES;
				SWIFT_COMPILATION_MODE = wholemodule;
			};
			name = Release;
		};
		1A68FEBF2AFFE24300719A17 /* Debug */ = {
			isa = XCBuildConfiguration;
			buildSettings = {
				ASSETCATALOG_COMPILER_APPICON_NAME = AppIcon;
				ASSETCATALOG_COMPILER_GLOBAL_ACCENT_COLOR_NAME = AccentColor;
				CODE_SIGN_ENTITLEMENTS = KnowYourAir/KnowYourAir.entitlements;
				CODE_SIGN_STYLE = Automatic;
				CURRENT_PROJECT_VERSION = 1;
				DEVELOPMENT_ASSET_PATHS = "\"KnowYourAir/Preview Content\"";
				DEVELOPMENT_TEAM = ZZ3C9542P3;
				ENABLE_HARDENED_RUNTIME = YES;
				ENABLE_PREVIEWS = YES;
				GENERATE_INFOPLIST_FILE = YES;
				INFOPLIST_FILE = KnowYourAir/Info.plist;
				"INFOPLIST_KEY_UIApplicationSceneManifest_Generation[sdk=iphoneos*]" = YES;
				"INFOPLIST_KEY_UIApplicationSceneManifest_Generation[sdk=iphonesimulator*]" = YES;
				"INFOPLIST_KEY_UIApplicationSupportsIndirectInputEvents[sdk=iphoneos*]" = YES;
				"INFOPLIST_KEY_UIApplicationSupportsIndirectInputEvents[sdk=iphonesimulator*]" = YES;
				"INFOPLIST_KEY_UILaunchScreen_Generation[sdk=iphoneos*]" = YES;
				"INFOPLIST_KEY_UILaunchScreen_Generation[sdk=iphonesimulator*]" = YES;
				"INFOPLIST_KEY_UIStatusBarStyle[sdk=iphoneos*]" = UIStatusBarStyleDefault;
				"INFOPLIST_KEY_UIStatusBarStyle[sdk=iphonesimulator*]" = UIStatusBarStyleDefault;
				INFOPLIST_KEY_UISupportedInterfaceOrientations_iPad = "UIInterfaceOrientationPortrait UIInterfaceOrientationPortraitUpsideDown UIInterfaceOrientationLandscapeLeft UIInterfaceOrientationLandscapeRight";
				INFOPLIST_KEY_UISupportedInterfaceOrientations_iPhone = "UIInterfaceOrientationPortrait UIInterfaceOrientationLandscapeLeft UIInterfaceOrientationLandscapeRight";
				IPHONEOS_DEPLOYMENT_TARGET = 17.0;
				LD_RUNPATH_SEARCH_PATHS = "@executable_path/Frameworks";
				"LD_RUNPATH_SEARCH_PATHS[sdk=macosx*]" = "@executable_path/../Frameworks";
				MACOSX_DEPLOYMENT_TARGET = 14.0;
				MARKETING_VERSION = 1.0;
				PRODUCT_BUNDLE_IDENTIFIER = com.rowan.KnowYourAir;
				PRODUCT_NAME = "$(TARGET_NAME)";
				SDKROOT = auto;
				SUPPORTED_PLATFORMS = "iphoneos iphonesimulator macosx";
				SWIFT_EMIT_LOC_STRINGS = YES;
				SWIFT_VERSION = 5.0;
				TARGETED_DEVICE_FAMILY = "1,2";
			};
			name = Debug;
		};
		1A68FEC02AFFE24300719A17 /* Release */ = {
			isa = XCBuildConfiguration;
			buildSettings = {
				ASSETCATALOG_COMPILER_APPICON_NAME = AppIcon;
				ASSETCATALOG_COMPILER_GLOBAL_ACCENT_COLOR_NAME = AccentColor;
				CODE_SIGN_ENTITLEMENTS = KnowYourAir/KnowYourAir.entitlements;
				CODE_SIGN_STYLE = Automatic;
				CURRENT_PROJECT_VERSION = 1;
				DEVELOPMENT_ASSET_PATHS = "\"KnowYourAir/Preview Content\"";
				DEVELOPMENT_TEAM = ZZ3C9542P3;
				ENABLE_HARDENED_RUNTIME = YES;
				ENABLE_PREVIEWS = YES;
				GENERATE_INFOPLIST_FILE = YES;
				INFOPLIST_FILE = KnowYourAir/Info.plist;
				"INFOPLIST_KEY_UIApplicationSceneManifest_Generation[sdk=iphoneos*]" = YES;
				"INFOPLIST_KEY_UIApplicationSceneManifest_Generation[sdk=iphonesimulator*]" = YES;
				"INFOPLIST_KEY_UIApplicationSupportsIndirectInputEvents[sdk=iphoneos*]" = YES;
				"INFOPLIST_KEY_UIApplicationSupportsIndirectInputEvents[sdk=iphonesimulator*]" = YES;
				"INFOPLIST_KEY_UILaunchScreen_Generation[sdk=iphoneos*]" = YES;
				"INFOPLIST_KEY_UILaunchScreen_Generation[sdk=iphonesimulator*]" = YES;
				"INFOPLIST_KEY_UIStatusBarStyle[sdk=iphoneos*]" = UIStatusBarStyleDefault;
				"INFOPLIST_KEY_UIStatusBarStyle[sdk=iphonesimulator*]" = UIStatusBarStyleDefault;
				INFOPLIST_KEY_UISupportedInterfaceOrientations_iPad = "UIInterfaceOrientationPortrait UIInterfaceOrientationPortraitUpsideDown UIInterfaceOrientationLandscapeLeft UIInterfaceOrientationLandscapeRight";
				INFOPLIST_KEY_UISupportedInterfaceOrientations_iPhone = "UIInterfaceOrientationPortrait UIInterfaceOrientationLandscapeLeft UIInterfaceOrientationLandscapeRight";
				IPHONEOS_DEPLOYMENT_TARGET = 17.0;
				LD_RUNPATH_SEARCH_PATHS = "@executable_path/Frameworks";
				"LD_RUNPATH_SEARCH_PATHS[sdk=macosx*]" = "@executable_path/../Frameworks";
				MACOSX_DEPLOYMENT_TARGET = 14.0;
				MARKETING_VERSION = 1.0;
				PRODUCT_BUNDLE_IDENTIFIER = com.rowan.KnowYourAir;
				PRODUCT_NAME = "$(TARGET_NAME)";
				SDKROOT = auto;
				SUPPORTED_PLATFORMS = "iphoneos iphonesimulator macosx";
				SWIFT_EMIT_LOC_STRINGS = YES;
				SWIFT_VERSION = 5.0;
				TARGETED_DEVICE_FAMILY = "1,2";
			};
			name = Release;
		};
		1A68FEC22AFFE24300719A17 /* Debug */ = {
			isa = XCBuildConfiguration;
			buildSettings = {
				ALWAYS_EMBED_SWIFT_STANDARD_LIBRARIES = YES;
				BUNDLE_LOADER = "$(TEST_HOST)";
				CODE_SIGN_STYLE = Automatic;
				CURRENT_PROJECT_VERSION = 1;
				DEVELOPMENT_TEAM = ZZ3C9542P3;
				GENERATE_INFOPLIST_FILE = YES;
				IPHONEOS_DEPLOYMENT_TARGET = 17.0;
				MACOSX_DEPLOYMENT_TARGET = 14.0;
				MARKETING_VERSION = 1.0;
				PRODUCT_BUNDLE_IDENTIFIER = com.rowan.KnowYourAirTests;
				PRODUCT_NAME = "$(TARGET_NAME)";
				SDKROOT = auto;
				SUPPORTED_PLATFORMS = "iphoneos iphonesimulator macosx";
				SWIFT_EMIT_LOC_STRINGS = NO;
				SWIFT_VERSION = 5.0;
				TARGETED_DEVICE_FAMILY = "1,2";
				TEST_HOST = "$(BUILT_PRODUCTS_DIR)/KnowYourAir.app/$(BUNDLE_EXECUTABLE_FOLDER_PATH)/KnowYourAir";
			};
			name = Debug;
		};
		1A68FEC32AFFE24300719A17 /* Release */ = {
			isa = XCBuildConfiguration;
			buildSettings = {
				ALWAYS_EMBED_SWIFT_STANDARD_LIBRARIES = YES;
				BUNDLE_LOADER = "$(TEST_HOST)";
				CODE_SIGN_STYLE = Automatic;
				CURRENT_PROJECT_VERSION = 1;
				DEVELOPMENT_TEAM = ZZ3C9542P3;
				GENERATE_INFOPLIST_FILE = YES;
				IPHONEOS_DEPLOYMENT_TARGET = 17.0;
				MACOSX_DEPLOYMENT_TARGET = 14.0;
				MARKETING_VERSION = 1.0;
				PRODUCT_BUNDLE_IDENTIFIER = com.rowan.KnowYourAirTests;
				PRODUCT_NAME = "$(TARGET_NAME)";
				SDKROOT = auto;
				SUPPORTED_PLATFORMS = "iphoneos iphonesimulator macosx";
				SWIFT_EMIT_LOC_STRINGS = NO;
				SWIFT_VERSION = 5.0;
				TARGETED_DEVICE_FAMILY = "1,2";
				TEST_HOST = "$(BUILT_PRODUCTS_DIR)/KnowYourAir.app/$(BUNDLE_EXECUTABLE_FOLDER_PATH)/KnowYourAir";
			};
			name = Release;
		};
		1A68FEC52AFFE24300719A17 /* Debug */ = {
			isa = XCBuildConfiguration;
			buildSettings = {
				ALWAYS_EMBED_SWIFT_STANDARD_LIBRARIES = YES;
				CODE_SIGN_STYLE = Automatic;
				CURRENT_PROJECT_VERSION = 1;
				DEVELOPMENT_TEAM = ZZ3C9542P3;
				GENERATE_INFOPLIST_FILE = YES;
				IPHONEOS_DEPLOYMENT_TARGET = 17.0;
				MACOSX_DEPLOYMENT_TARGET = 14.0;
				MARKETING_VERSION = 1.0;
				PRODUCT_BUNDLE_IDENTIFIER = com.rowan.KnowYourAirUITests;
				PRODUCT_NAME = "$(TARGET_NAME)";
				SDKROOT = auto;
				SUPPORTED_PLATFORMS = "iphoneos iphonesimulator macosx";
				SWIFT_EMIT_LOC_STRINGS = NO;
				SWIFT_VERSION = 5.0;
				TARGETED_DEVICE_FAMILY = "1,2";
				TEST_TARGET_NAME = KnowYourAir;
			};
			name = Debug;
		};
		1A68FEC62AFFE24300719A17 /* Release */ = {
			isa = XCBuildConfiguration;
			buildSettings = {
				ALWAYS_EMBED_SWIFT_STANDARD_LIBRARIES = YES;
				CODE_SIGN_STYLE = Automatic;
				CURRENT_PROJECT_VERSION = 1;
				DEVELOPMENT_TEAM = ZZ3C9542P3;
				GENERATE_INFOPLIST_FILE = YES;
				IPHONEOS_DEPLOYMENT_TARGET = 17.0;
				MACOSX_DEPLOYMENT_TARGET = 14.0;
				MARKETING_VERSION = 1.0;
				PRODUCT_BUNDLE_IDENTIFIER = com.rowan.KnowYourAirUITests;
				PRODUCT_NAME = "$(TARGET_NAME)";
				SDKROOT = auto;
				SUPPORTED_PLATFORMS = "iphoneos iphonesimulator macosx";
				SWIFT_EMIT_LOC_STRINGS = NO;
				SWIFT_VERSION = 5.0;
				TARGETED_DEVICE_FAMILY = "1,2";
				TEST_TARGET_NAME = KnowYourAir;
			};
			name = Release;
		};
/* End XCBuildConfiguration section */

/* Begin XCConfigurationList section */
		1A68FE942AFFE24100719A17 /* Build configuration list for PBXProject "KnowYourAir" */ = {
			isa = XCConfigurationList;
			buildConfigurations = (
				1A68FEBC2AFFE24300719A17 /* Debug */,
				1A68FEBD2AFFE24300719A17 /* Release */,
			);
			defaultConfigurationIsVisible = 0;
			defaultConfigurationName = Release;
		};
		1A68FEBE2AFFE24300719A17 /* Build configuration list for PBXNativeTarget "KnowYourAir" */ = {
			isa = XCConfigurationList;
			buildConfigurations = (
				1A68FEBF2AFFE24300719A17 /* Debug */,
				1A68FEC02AFFE24300719A17 /* Release */,
			);
			defaultConfigurationIsVisible = 0;
			defaultConfigurationName = Release;
		};
		1A68FEC12AFFE24300719A17 /* Build configuration list for PBXNativeTarget "KnowYourAirTests" */ = {
			isa = XCConfigurationList;
			buildConfigurations = (
				1A68FEC22AFFE24300719A17 /* Debug */,
				1A68FEC32AFFE24300719A17 /* Release */,
			);
			defaultConfigurationIsVisible = 0;
			defaultConfigurationName = Release;
		};
		1A68FEC42AFFE24300719A17 /* Build configuration list for PBXNativeTarget "KnowYourAirUITests" */ = {
			isa = XCConfigurationList;
			buildConfigurations = (
				1A68FEC52AFFE24300719A17 /* Debug */,
				1A68FEC62AFFE24300719A17 /* Release */,
			);
			defaultConfigurationIsVisible = 0;
			defaultConfigurationName = Release;
		};
/* End XCConfigurationList section */
	};
	rootObject = 1A68FE912AFFE24100719A17 /* Project object */;
}
